
Microsoft Visual Studio Solution File, Format Version 12.00
# Visual Studio 15
VisualStudioVersion = 15.0.28307.757
MinimumVisualStudioVersion = 10.0.40219.1
Project("{FAE04EC0-301F-11D3-BF4B-00C04F79EFBC}") = "ProjetoTeste", "ProjetoTeste\ProjetoTeste.csproj", "{34F0AB4A-B97A-4AED-A6EA-98DA7BF58A29}"
EndProject
Project("{FAE04EC0-301F-11D3-BF4B-00C04F79EFBC}") = "DLL", "DLL\DLL.csproj", "{0F09FA4E-2154-4798-B5D5-B6585DE7A857}"
EndProject
Project("{FAE04EC0-301F-11D3-BF4B-00C04F79EFBC}") = "DLLTests1", "DLLTests1\DLLTests1.csproj", "{AB9FF8E5-B771-4BCD-BAE6-1D4F188C1D9A}"
EndProject
Global
	GlobalSection(SolutionConfigurationPlatforms) = preSolution
		Debug|Any CPU = Debug|Any CPU
		Release|Any CPU = Release|Any CPU
	EndGlobalSection
	GlobalSection(ProjectConfigurationPlatforms) = postSolution
		{34F0AB4A-B97A-4AED-A6EA-98DA7BF58A29}.Debug|Any CPU.ActiveCfg = Debug|Any CPU
		{34F0AB4A-B97A-4AED-A6EA-98DA7BF58A29}.Debug|Any CPU.Build.0 = Debug|Any CPU
		{34F0AB4A-B97A-4AED-A6EA-98DA7BF58A29}.Release|Any CPU.ActiveCfg = Release|Any CPU
		{34F0AB4A-B97A-4AED-A6EA-98DA7BF58A29}.Release|Any CPU.Build.0 = Release|Any CPU
		{0F09FA4E-2154-4798-B5D5-B6585DE7A857}.Debug|Any CPU.ActiveCfg = Debug|Any CPU
		{0F09FA4E-2154-4798-B5D5-B6585DE7A857}.Debug|Any CPU.Build.0 = Debug|Any CPU
		{0F09FA4E-2154-4798-B5D5-B6585DE7A857}.Release|Any CPU.ActiveCfg = Release|Any CPU
		{0F09FA4E-2154-4798-B5D5-B6585DE7A857}.Release|Any CPU.Build.0 = Release|Any CPU
		{AB9FF8E5-B771-4BCD-BAE6-1D4F188C1D9A}.Debug|Any CPU.ActiveCfg = Debug|Any CPU
		{AB9FF8E5-B771-4BCD-BAE6-1D4F188C1D9A}.Debug|Any CPU.Build.0 = Debug|Any CPU
		{AB9FF8E5-B771-4BCD-BAE6-1D4F188C1D9A}.Release|Any CPU.ActiveCfg = Release|Any CPU
		{AB9FF8E5-B771-4BCD-BAE6-1D4F188C1D9A}.Release|Any CPU.Build.0 = Release|Any CPU
	EndGlobalSection
	GlobalSection(SolutionProperties) = preSolution
		HideSolutionNode = FALSE
	EndGlobalSection
	GlobalSection(ExtensibilityGlobals) = postSolution
		SolutionGuid = {4F7FEBB2-03E3-4888-AB2B-0157352D3712}
	EndGlobalSection
EndGlobal
